
Microsoft Visual Studio Solution File, Format Version 12.00
# Visual Studio Version 16
VisualStudioVersion = 16.0.29230.47
MinimumVisualStudioVersion = 10.0.40219.1
Project("{FAE04EC0-301F-11D3-BF4B-00C04F79EFBC}") = "ConsoleApp14", "ConsoleApp14\ConsoleApp14.csproj", "{04053281-708C-49DD-80BA-976D39148CDA}"
EndProject
Project("{FAE04EC0-301F-11D3-BF4B-00C04F79EFBC}") = "ClassLibrary1", "ClassLibrary1\ClassLibrary1.csproj", "{721B9F63-AD2A-4444-962F-43158DD449D6}"
EndProject
Project("{2150E333-8FDC-42A3-9474-1A3956D46DE8}") = "Solution Items", "Solution Items", "{01BC87C2-9395-4617-B061-662BF146F2FE}"
	ProjectSection(SolutionItems) = preProject
		obfuscar.xml = obfuscar.xml
	EndProjectSection
EndProject
Global
	GlobalSection(SolutionConfigurationPlatforms) = preSolution
		Debug|Any CPU = Debug|Any CPU
		Release|Any CPU = Release|Any CPU
	EndGlobalSection
	GlobalSection(ProjectConfigurationPlatforms) = postSolution
		{04053281-708C-49DD-80BA-976D39148CDA}.Debug|Any CPU.ActiveCfg = Debug|Any CPU
		{04053281-708C-49DD-80BA-976D39148CDA}.Debug|Any CPU.Build.0 = Debug|Any CPU
		{04053281-708C-49DD-80BA-976D39148CDA}.Release|Any CPU.ActiveCfg = Release|Any CPU
		{04053281-708C-49DD-80BA-976D39148CDA}.Release|Any CPU.Build.0 = Release|Any CPU
		{721B9F63-AD2A-4444-962F-43158DD449D6}.Debug|Any CPU.ActiveCfg = Debug|Any CPU
		{721B9F63-AD2A-4444-962F-43158DD449D6}.Debug|Any CPU.Build.0 = Debug|Any CPU
		{721B9F63-AD2A-4444-962F-43158DD449D6}.Release|Any CPU.ActiveCfg = Release|Any CPU
		{721B9F63-AD2A-4444-962F-43158DD449D6}.Release|Any CPU.Build.0 = Release|Any CPU
	EndGlobalSection
	GlobalSection(SolutionProperties) = preSolution
		HideSolutionNode = FALSE
	EndGlobalSection
	GlobalSection(ExtensibilityGlobals) = postSolution
		SolutionGuid = {AD33A73E-6CE6-483C-B6FE-EF9C24815F12}
	EndGlobalSection
EndGlobal
